// !$*UTF8*$!
{
	archiveVersion = 1;
	classes = {
	};
	objectVersion = 56;
	objects = {

/* Begin PBXBuildFile section */
		022E75F52A9DBA57006FB8F3 /* Scrollview.swift in Sources */ = {isa = PBXBuildFile; fileRef = 022E75F42A9DBA57006FB8F3 /* Scrollview.swift */; };
		022E75F72A9DBEE9006FB8F3 /* LazyGrid.swift in Sources */ = {isa = PBXBuildFile; fileRef = 022E75F62A9DBEE9006FB8F3 /* LazyGrid.swift */; };
		022E75F92A9DC856006FB8F3 /* IgnoreSafeAreaBasic.swift in Sources */ = {isa = PBXBuildFile; fileRef = 022E75F82A9DC856006FB8F3 /* IgnoreSafeAreaBasic.swift */; };
		022E75FB2A9DCB1C006FB8F3 /* ButtonBasic.swift in Sources */ = {isa = PBXBuildFile; fileRef = 022E75FA2A9DCB1C006FB8F3 /* ButtonBasic.swift */; };
		022E75FD2A9DCF3A006FB8F3 /* StateBasic.swift in Sources */ = {isa = PBXBuildFile; fileRef = 022E75FC2A9DCF3A006FB8F3 /* StateBasic.swift */; };
		022E76012A9EE6B9006FB8F3 /* ExtractView.swift in Sources */ = {isa = PBXBuildFile; fileRef = 022E76002A9EE6B9006FB8F3 /* ExtractView.swift */; };
		022E76052A9EE91F006FB8F3 /* ItemBasic.swift in Sources */ = {isa = PBXBuildFile; fileRef = 022E76042A9EE91F006FB8F3 /* ItemBasic.swift */; };
		022E76072A9EE9EC006FB8F3 /* ExtraSubViewBasic.swift in Sources */ = {isa = PBXBuildFile; fileRef = 022E76062A9EE9EC006FB8F3 /* ExtraSubViewBasic.swift */; };
		022E760A2A9F0555006FB8F3 /* BindingBasic.swift in Sources */ = {isa = PBXBuildFile; fileRef = 022E76092A9F0555006FB8F3 /* BindingBasic.swift */; };
		022E760C2A9F056E006FB8F3 /* BindingChild.swift in Sources */ = {isa = PBXBuildFile; fileRef = 022E760B2A9F056E006FB8F3 /* BindingChild.swift */; };
		022E760E2A9F09D0006FB8F3 /* ConditionalBasic.swift in Sources */ = {isa = PBXBuildFile; fileRef = 022E760D2A9F09D0006FB8F3 /* ConditionalBasic.swift */; };
		022E76102A9F0D9F006FB8F3 /* AnimationBasic.swift in Sources */ = {isa = PBXBuildFile; fileRef = 022E760F2A9F0D9F006FB8F3 /* AnimationBasic.swift */; };
		02B638C82AAFF24900312A34 /* SheetBasic.swift in Sources */ = {isa = PBXBuildFile; fileRef = 02B638C72AAFF24900312A34 /* SheetBasic.swift */; };
		02B638CA2AAFF25900312A34 /* SheetBasic2.swift in Sources */ = {isa = PBXBuildFile; fileRef = 02B638C92AAFF25900312A34 /* SheetBasic2.swift */; };
		02B638CC2AAFF7F100312A34 /* NavigationBasic.swift in Sources */ = {isa = PBXBuildFile; fileRef = 02B638CB2AAFF7F100312A34 /* NavigationBasic.swift */; };
		02B638CE2AAFF7FD00312A34 /* SecondNavigationView.swift in Sources */ = {isa = PBXBuildFile; fileRef = 02B638CD2AAFF7FD00312A34 /* SecondNavigationView.swift */; };
		02B638D02AB004E500312A34 /* ListBasic.swift in Sources */ = {isa = PBXBuildFile; fileRef = 02B638CF2AB004E500312A34 /* ListBasic.swift */; };
		02D7BB662A9F185E00419739 /* TransitionBasic.swift in Sources */ = {isa = PBXBuildFile; fileRef = 02D7BB652A9F185E00419739 /* TransitionBasic.swift */; };
		2A0791CE29DB124900057796 /* ImageBasic.swift in Sources */ = {isa = PBXBuildFile; fileRef = 2A0791CD29DB124900057796 /* ImageBasic.swift */; };
		2A32739729FE2AF800E2B604 /* Stack.swift in Sources */ = {isa = PBXBuildFile; fileRef = 2A32739629FE2AF800E2B604 /* Stack.swift */; };
		2A32739929FE302500E2B604 /* Padding.swift in Sources */ = {isa = PBXBuildFile; fileRef = 2A32739829FE302500E2B604 /* Padding.swift */; };
		2A32739B29FE324400E2B604 /* Spacer.swift in Sources */ = {isa = PBXBuildFile; fileRef = 2A32739A29FE324400E2B604 /* Spacer.swift */; };
		2ACFAB4D29D48228009F0E9B /* SwiftUIBasicApp.swift in Sources */ = {isa = PBXBuildFile; fileRef = 2ACFAB4C29D48228009F0E9B /* SwiftUIBasicApp.swift */; };
		2ACFAB4F29D48228009F0E9B /* ContentView.swift in Sources */ = {isa = PBXBuildFile; fileRef = 2ACFAB4E29D48228009F0E9B /* ContentView.swift */; };
		2ACFAB5129D4822A009F0E9B /* Assets.xcassets in Resources */ = {isa = PBXBuildFile; fileRef = 2ACFAB5029D4822A009F0E9B /* Assets.xcassets */; };
		2ACFAB5429D4822A009F0E9B /* Preview Assets.xcassets in Resources */ = {isa = PBXBuildFile; fileRef = 2ACFAB5329D4822A009F0E9B /* Preview Assets.xcassets */; };
		2ACFAB5B29D48293009F0E9B /* TextBasic.swift in Sources */ = {isa = PBXBuildFile; fileRef = 2ACFAB5A29D48293009F0E9B /* TextBasic.swift */; };
		2ACFAB8C29D5C5BB009F0E9B /* ShapeBasic.swift in Sources */ = {isa = PBXBuildFile; fileRef = 2ACFAB8B29D5C5BB009F0E9B /* ShapeBasic.swift */; };
		2ACFAB8E29D874EF009F0E9B /* ColorBasic.swift in Sources */ = {isa = PBXBuildFile; fileRef = 2ACFAB8D29D874EF009F0E9B /* ColorBasic.swift */; };
		2ACFAB9029D89AAE009F0E9B /* GradientBasic.swift in Sources */ = {isa = PBXBuildFile; fileRef = 2ACFAB8F29D89AAE009F0E9B /* GradientBasic.swift */; };
		2ACFAB9229D8A091009F0E9B /* IconBasic.swift in Sources */ = {isa = PBXBuildFile; fileRef = 2ACFAB9129D8A091009F0E9B /* IconBasic.swift */; };
		2AEB5D5B29DC6545004AB5B5 /* FrameBasic.swift in Sources */ = {isa = PBXBuildFile; fileRef = 2AEB5D5A29DC6545004AB5B5 /* FrameBasic.swift */; };
		2AEB5D5D29DDBC5F004AB5B5 /* BackgroundOverlayBasic.swift in Sources */ = {isa = PBXBuildFile; fileRef = 2AEB5D5C29DDBC5F004AB5B5 /* BackgroundOverlayBasic.swift */; };
/* End PBXBuildFile section */

/* Begin PBXFileReference section */
		022E75F42A9DBA57006FB8F3 /* Scrollview.swift */ = {isa = PBXFileReference; lastKnownFileType = sourcecode.swift; path = Scrollview.swift; sourceTree = "<group>"; };
		022E75F62A9DBEE9006FB8F3 /* LazyGrid.swift */ = {isa = PBXFileReference; lastKnownFileType = sourcecode.swift; path = LazyGrid.swift; sourceTree = "<group>"; };
		022E75F82A9DC856006FB8F3 /* IgnoreSafeAreaBasic.swift */ = {isa = PBXFileReference; lastKnownFileType = sourcecode.swift; path = IgnoreSafeAreaBasic.swift; sourceTree = "<group>"; };
		022E75FA2A9DCB1C006FB8F3 /* ButtonBasic.swift */ = {isa = PBXFileReference; lastKnownFileType = sourcecode.swift; path = ButtonBasic.swift; sourceTree = "<group>"; };
		022E75FC2A9DCF3A006FB8F3 /* StateBasic.swift */ = {isa = PBXFileReference; lastKnownFileType = sourcecode.swift; path = StateBasic.swift; sourceTree = "<group>"; };
		022E76002A9EE6B9006FB8F3 /* ExtractView.swift */ = {isa = PBXFileReference; lastKnownFileType = sourcecode.swift; path = ExtractView.swift; sourceTree = "<group>"; };
		022E76042A9EE91F006FB8F3 /* ItemBasic.swift */ = {isa = PBXFileReference; lastKnownFileType = sourcecode.swift; path = ItemBasic.swift; sourceTree = "<group>"; };
		022E76062A9EE9EC006FB8F3 /* ExtraSubViewBasic.swift */ = {isa = PBXFileReference; lastKnownFileType = sourcecode.swift; path = ExtraSubViewBasic.swift; sourceTree = "<group>"; };
		022E76092A9F0555006FB8F3 /* BindingBasic.swift */ = {isa = PBXFileReference; lastKnownFileType = sourcecode.swift; path = BindingBasic.swift; sourceTree = "<group>"; };
		022E760B2A9F056E006FB8F3 /* BindingChild.swift */ = {isa = PBXFileReference; lastKnownFileType = sourcecode.swift; path = BindingChild.swift; sourceTree = "<group>"; };
		022E760D2A9F09D0006FB8F3 /* ConditionalBasic.swift */ = {isa = PBXFileReference; lastKnownFileType = sourcecode.swift; path = ConditionalBasic.swift; sourceTree = "<group>"; };
		022E760F2A9F0D9F006FB8F3 /* AnimationBasic.swift */ = {isa = PBXFileReference; lastKnownFileType = sourcecode.swift; path = AnimationBasic.swift; sourceTree = "<group>"; };
		02B638C72AAFF24900312A34 /* SheetBasic.swift */ = {isa = PBXFileReference; lastKnownFileType = sourcecode.swift; path = SheetBasic.swift; sourceTree = "<group>"; };
		02B638C92AAFF25900312A34 /* SheetBasic2.swift */ = {isa = PBXFileReference; lastKnownFileType = sourcecode.swift; path = SheetBasic2.swift; sourceTree = "<group>"; };
		02B638CB2AAFF7F100312A34 /* NavigationBasic.swift */ = {isa = PBXFileReference; lastKnownFileType = sourcecode.swift; path = NavigationBasic.swift; sourceTree = "<group>"; };
		02B638CD2AAFF7FD00312A34 /* SecondNavigationView.swift */ = {isa = PBXFileReference; lastKnownFileType = sourcecode.swift; path = SecondNavigationView.swift; sourceTree = "<group>"; };
		02B638CF2AB004E500312A34 /* ListBasic.swift */ = {isa = PBXFileReference; lastKnownFileType = sourcecode.swift; path = ListBasic.swift; sourceTree = "<group>"; };
		02D7BB652A9F185E00419739 /* TransitionBasic.swift */ = {isa = PBXFileReference; lastKnownFileType = sourcecode.swift; path = TransitionBasic.swift; sourceTree = "<group>"; };
		2A0791CD29DB124900057796 /* ImageBasic.swift */ = {isa = PBXFileReference; lastKnownFileType = sourcecode.swift; path = ImageBasic.swift; sourceTree = "<group>"; };
		2A32739629FE2AF800E2B604 /* Stack.swift */ = {isa = PBXFileReference; lastKnownFileType = sourcecode.swift; path = Stack.swift; sourceTree = "<group>"; };
		2A32739829FE302500E2B604 /* Padding.swift */ = {isa = PBXFileReference; lastKnownFileType = sourcecode.swift; path = Padding.swift; sourceTree = "<group>"; };
		2A32739A29FE324400E2B604 /* Spacer.swift */ = {isa = PBXFileReference; lastKnownFileType = sourcecode.swift; path = Spacer.swift; sourceTree = "<group>"; };
		2ACFAB4929D48228009F0E9B /* SwiftUIBasic.app */ = {isa = PBXFileReference; explicitFileType = wrapper.application; includeInIndex = 0; path = SwiftUIBasic.app; sourceTree = BUILT_PRODUCTS_DIR; };
		2ACFAB4C29D48228009F0E9B /* SwiftUIBasicApp.swift */ = {isa = PBXFileReference; lastKnownFileType = sourcecode.swift; path = SwiftUIBasicApp.swift; sourceTree = "<group>"; };
		2ACFAB4E29D48228009F0E9B /* ContentView.swift */ = {isa = PBXFileReference; lastKnownFileType = sourcecode.swift; path = ContentView.swift; sourceTree = "<group>"; };
		2ACFAB5029D4822A009F0E9B /* Assets.xcassets */ = {isa = PBXFileReference; lastKnownFileType = folder.assetcatalog; path = Assets.xcassets; sourceTree = "<group>"; };
		2ACFAB5329D4822A009F0E9B /* Preview Assets.xcassets */ = {isa = PBXFileReference; lastKnownFileType = folder.assetcatalog; path = "Preview Assets.xcassets"; sourceTree = "<group>"; };
		2ACFAB5A29D48293009F0E9B /* TextBasic.swift */ = {isa = PBXFileReference; lastKnownFileType = sourcecode.swift; path = TextBasic.swift; sourceTree = "<group>"; };
		2ACFAB8B29D5C5BB009F0E9B /* ShapeBasic.swift */ = {isa = PBXFileReference; lastKnownFileType = sourcecode.swift; path = ShapeBasic.swift; sourceTree = "<group>"; };
		2ACFAB8D29D874EF009F0E9B /* ColorBasic.swift */ = {isa = PBXFileReference; lastKnownFileType = sourcecode.swift; path = ColorBasic.swift; sourceTree = "<group>"; };
		2ACFAB8F29D89AAE009F0E9B /* GradientBasic.swift */ = {isa = PBXFileReference; lastKnownFileType = sourcecode.swift; path = GradientBasic.swift; sourceTree = "<group>"; };
		2ACFAB9129D8A091009F0E9B /* IconBasic.swift */ = {isa = PBXFileReference; lastKnownFileType = sourcecode.swift; path = IconBasic.swift; sourceTree = "<group>"; };
		2AEB5D5A29DC6545004AB5B5 /* FrameBasic.swift */ = {isa = PBXFileReference; lastKnownFileType = sourcecode.swift; path = FrameBasic.swift; sourceTree = "<group>"; };
		2AEB5D5C29DDBC5F004AB5B5 /* BackgroundOverlayBasic.swift */ = {isa = PBXFileReference; lastKnownFileType = sourcecode.swift; path = BackgroundOverlayBasic.swift; sourceTree = "<group>"; };
/* End PBXFileReference section */

/* Begin PBXFrameworksBuildPhase section */
		2ACFAB4629D48228009F0E9B /* Frameworks */ = {
			isa = PBXFrameworksBuildPhase;
			buildActionMask = 2147483647;
			files = (
			);
			runOnlyForDeploymentPostprocessing = 0;
		};
/* End PBXFrameworksBuildPhase section */

/* Begin PBXGroup section */
		022E76082A9F04B9006FB8F3 /* Component */ = {
			isa = PBXGroup;
			children = (
				022E76042A9EE91F006FB8F3 /* ItemBasic.swift */,
				022E760B2A9F056E006FB8F3 /* BindingChild.swift */,
			);
			path = Component;
			sourceTree = "<group>";
		};
		2ACFAB4029D48228009F0E9B = {
			isa = PBXGroup;
			children = (
				2ACFAB4B29D48228009F0E9B /* SwiftUIBasic */,
				2ACFAB4A29D48228009F0E9B /* Products */,
			);
			sourceTree = "<group>";
		};
		2ACFAB4A29D48228009F0E9B /* Products */ = {
			isa = PBXGroup;
			children = (
				2ACFAB4929D48228009F0E9B /* SwiftUIBasic.app */,
			);
			name = Products;
			sourceTree = "<group>";
		};
		2ACFAB4B29D48228009F0E9B /* SwiftUIBasic */ = {
			isa = PBXGroup;
			children = (
				2ACFAB4C29D48228009F0E9B /* SwiftUIBasicApp.swift */,
				2ACFAB4E29D48228009F0E9B /* ContentView.swift */,
				2ACFAB5A29D48293009F0E9B /* TextBasic.swift */,
				2ACFAB8B29D5C5BB009F0E9B /* ShapeBasic.swift */,
				2ACFAB8D29D874EF009F0E9B /* ColorBasic.swift */,
				2ACFAB8F29D89AAE009F0E9B /* GradientBasic.swift */,
				2ACFAB9129D8A091009F0E9B /* IconBasic.swift */,
				2A0791CD29DB124900057796 /* ImageBasic.swift */,
				2AEB5D5A29DC6545004AB5B5 /* FrameBasic.swift */,
				2AEB5D5C29DDBC5F004AB5B5 /* BackgroundOverlayBasic.swift */,
				2A32739629FE2AF800E2B604 /* Stack.swift */,
				2A32739829FE302500E2B604 /* Padding.swift */,
				2A32739A29FE324400E2B604 /* Spacer.swift */,
				022E75F42A9DBA57006FB8F3 /* Scrollview.swift */,
				022E75F62A9DBEE9006FB8F3 /* LazyGrid.swift */,
				022E75F82A9DC856006FB8F3 /* IgnoreSafeAreaBasic.swift */,
				022E75FA2A9DCB1C006FB8F3 /* ButtonBasic.swift */,
				022E75FC2A9DCF3A006FB8F3 /* StateBasic.swift */,
				022E76002A9EE6B9006FB8F3 /* ExtractView.swift */,
				022E76062A9EE9EC006FB8F3 /* ExtraSubViewBasic.swift */,
				022E76092A9F0555006FB8F3 /* BindingBasic.swift */,
				022E760D2A9F09D0006FB8F3 /* ConditionalBasic.swift */,
				022E760F2A9F0D9F006FB8F3 /* AnimationBasic.swift */,
				02D7BB652A9F185E00419739 /* TransitionBasic.swift */,
				02B638C72AAFF24900312A34 /* SheetBasic.swift */,
				02B638C92AAFF25900312A34 /* SheetBasic2.swift */,
				02B638CB2AAFF7F100312A34 /* NavigationBasic.swift */,
				02B638CD2AAFF7FD00312A34 /* SecondNavigationView.swift */,
				02B638CF2AB004E500312A34 /* ListBasic.swift */,
				022E76082A9F04B9006FB8F3 /* Component */,
				2ACFAB5029D4822A009F0E9B /* Assets.xcassets */,
				2ACFAB5229D4822A009F0E9B /* Preview Content */,
			);
			path = SwiftUIBasic;
			sourceTree = "<group>";
		};
		2ACFAB5229D4822A009F0E9B /* Preview Content */ = {
			isa = PBXGroup;
			children = (
				2ACFAB5329D4822A009F0E9B /* Preview Assets.xcassets */,
			);
			path = "Preview Content";
			sourceTree = "<group>";
		};
/* End PBXGroup section */

/* Begin PBXNativeTarget section */
		2ACFAB4829D48228009F0E9B /* SwiftUIBasic */ = {
			isa = PBXNativeTarget;
			buildConfigurationList = 2ACFAB5729D4822A009F0E9B /* Build configuration list for PBXNativeTarget "SwiftUIBasic" */;
			buildPhases = (
				2ACFAB4529D48228009F0E9B /* Sources */,
				2ACFAB4629D48228009F0E9B /* Frameworks */,
				2ACFAB4729D48228009F0E9B /* Resources */,
			);
			buildRules = (
			);
			dependencies = (
			);
			name = SwiftUIBasic;
			productName = SwiftUIBasic;
			productReference = 2ACFAB4929D48228009F0E9B /* SwiftUIBasic.app */;
			productType = "com.apple.product-type.application";
		};
/* End PBXNativeTarget section */

/* Begin PBXProject section */
		2ACFAB4129D48228009F0E9B /* Project object */ = {
			isa = PBXProject;
			attributes = {
				BuildIndependentTargetsInParallel = 1;
				LastSwiftUpdateCheck = 1420;
				LastUpgradeCheck = 1420;
				TargetAttributes = {
					2ACFAB4829D48228009F0E9B = {
						CreatedOnToolsVersion = 14.2;
					};
				};
			};
			buildConfigurationList = 2ACFAB4429D48228009F0E9B /* Build configuration list for PBXProject "SwiftUIBasic" */;
			compatibilityVersion = "Xcode 14.0";
			developmentRegion = en;
			hasScannedForEncodings = 0;
			knownRegions = (
				en,
				Base,
			);
			mainGroup = 2ACFAB4029D48228009F0E9B;
			productRefGroup = 2ACFAB4A29D48228009F0E9B /* Products */;
			projectDirPath = "";
			projectRoot = "";
			targets = (
				2ACFAB4829D48228009F0E9B /* SwiftUIBasic */,
			);
		};
/* End PBXProject section */

/* Begin PBXResourcesBuildPhase section */
		2ACFAB4729D48228009F0E9B /* Resources */ = {
			isa = PBXResourcesBuildPhase;
			buildActionMask = 2147483647;
			files = (
				2ACFAB5429D4822A009F0E9B /* Preview Assets.xcassets in Resources */,
				2ACFAB5129D4822A009F0E9B /* Assets.xcassets in Resources */,
			);
			runOnlyForDeploymentPostprocessing = 0;
		};
/* End PBXResourcesBuildPhase section */

/* Begin PBXSourcesBuildPhase section */
		2ACFAB4529D48228009F0E9B /* Sources */ = {
			isa = PBXSourcesBuildPhase;
			buildActionMask = 2147483647;
			files = (
				022E75FD2A9DCF3A006FB8F3 /* StateBasic.swift in Sources */,
				02B638D02AB004E500312A34 /* ListBasic.swift in Sources */,
				022E76012A9EE6B9006FB8F3 /* ExtractView.swift in Sources */,
				2A0791CE29DB124900057796 /* ImageBasic.swift in Sources */,
				02B638C82AAFF24900312A34 /* SheetBasic.swift in Sources */,
				022E76072A9EE9EC006FB8F3 /* ExtraSubViewBasic.swift in Sources */,
				022E76052A9EE91F006FB8F3 /* ItemBasic.swift in Sources */,
				2ACFAB9029D89AAE009F0E9B /* GradientBasic.swift in Sources */,
				022E75F92A9DC856006FB8F3 /* IgnoreSafeAreaBasic.swift in Sources */,
				2ACFAB9229D8A091009F0E9B /* IconBasic.swift in Sources */,
				2A32739B29FE324400E2B604 /* Spacer.swift in Sources */,
				2AEB5D5D29DDBC5F004AB5B5 /* BackgroundOverlayBasic.swift in Sources */,
				2ACFAB5B29D48293009F0E9B /* TextBasic.swift in Sources */,
				2A32739729FE2AF800E2B604 /* Stack.swift in Sources */,
				2ACFAB4F29D48228009F0E9B /* ContentView.swift in Sources */,
				02D7BB662A9F185E00419739 /* TransitionBasic.swift in Sources */,
				2ACFAB8C29D5C5BB009F0E9B /* ShapeBasic.swift in Sources */,
				022E76102A9F0D9F006FB8F3 /* AnimationBasic.swift in Sources */,
				02B638CA2AAFF25900312A34 /* SheetBasic2.swift in Sources */,
				02B638CE2AAFF7FD00312A34 /* SecondNavigationView.swift in Sources */,
				2ACFAB8E29D874EF009F0E9B /* ColorBasic.swift in Sources */,
				022E760E2A9F09D0006FB8F3 /* ConditionalBasic.swift in Sources */,
				022E75F72A9DBEE9006FB8F3 /* LazyGrid.swift in Sources */,
				022E760A2A9F0555006FB8F3 /* BindingBasic.swift in Sources */,
				2ACFAB4D29D48228009F0E9B /* SwiftUIBasicApp.swift in Sources */,
				022E760C2A9F056E006FB8F3 /* BindingChild.swift in Sources */,
				022E75F52A9DBA57006FB8F3 /* Scrollview.swift in Sources */,
				022E75FB2A9DCB1C006FB8F3 /* ButtonBasic.swift in Sources */,
				02B638CC2AAFF7F100312A34 /* NavigationBasic.swift in Sources */,
				2AEB5D5B29DC6545004AB5B5 /* FrameBasic.swift in Sources */,
				2A32739929FE302500E2B604 /* Padding.swift in Sources */,
			);
			runOnlyForDeploymentPostprocessing = 0;
		};
/* End PBXSourcesBuildPhase section */

/* Begin XCBuildConfiguration section */
		2ACFAB5529D4822A009F0E9B /* Debug */ = {
			isa = XCBuildConfiguration;
			buildSettings = {
				ALWAYS_SEARCH_USER_PATHS = NO;
				CLANG_ANALYZER_NONNULL = YES;
				CLANG_ANALYZER_NUMBER_OBJECT_CONVERSION = YES_AGGRESSIVE;
				CLANG_CXX_LANGUAGE_STANDARD = "gnu++20";
				CLANG_ENABLE_MODULES = YES;
				CLANG_ENABLE_OBJC_ARC = YES;
				CLANG_ENABLE_OBJC_WEAK = YES;
				CLANG_WARN_BLOCK_CAPTURE_AUTORELEASING = YES;
				CLANG_WARN_BOOL_CONVERSION = YES;
				CLANG_WARN_COMMA = YES;
				CLANG_WARN_CONSTANT_CONVERSION = YES;
				CLANG_WARN_DEPRECATED_OBJC_IMPLEMENTATIONS = YES;
				CLANG_WARN_DIRECT_OBJC_ISA_USAGE = YES_ERROR;
				CLANG_WARN_DOCUMENTATION_COMMENTS = YES;
				CLANG_WARN_EMPTY_BODY = YES;
				CLANG_WARN_ENUM_CONVERSION = YES;
				CLANG_WARN_INFINITE_RECURSION = YES;
				CLANG_WARN_INT_CONVERSION = YES;
				CLANG_WARN_NON_LITERAL_NULL_CONVERSION = YES;
				CLANG_WARN_OBJC_IMPLICIT_RETAIN_SELF = YES;
				CLANG_WARN_OBJC_LITERAL_CONVERSION = YES;
				CLANG_WARN_OBJC_ROOT_CLASS = YES_ERROR;
				CLANG_WARN_QUOTED_INCLUDE_IN_FRAMEWORK_HEADER = YES;
				CLANG_WARN_RANGE_LOOP_ANALYSIS = YES;
				CLANG_WARN_STRICT_PROTOTYPES = YES;
				CLANG_WARN_SUSPICIOUS_MOVE = YES;
				CLANG_WARN_UNGUARDED_AVAILABILITY = YES_AGGRESSIVE;
				CLANG_WARN_UNREACHABLE_CODE = YES;
				CLANG_WARN__DUPLICATE_METHOD_MATCH = YES;
				COPY_PHASE_STRIP = NO;
				DEBUG_INFORMATION_FORMAT = dwarf;
				ENABLE_STRICT_OBJC_MSGSEND = YES;
				ENABLE_TESTABILITY = YES;
				GCC_C_LANGUAGE_STANDARD = gnu11;
				GCC_DYNAMIC_NO_PIC = NO;
				GCC_NO_COMMON_BLOCKS = YES;
				GCC_OPTIMIZATION_LEVEL = 0;
				GCC_PREPROCESSOR_DEFINITIONS = (
					"DEBUG=1",
					"$(inherited)",
				);
				GCC_WARN_64_TO_32_BIT_CONVERSION = YES;
				GCC_WARN_ABOUT_RETURN_TYPE = YES_ERROR;
				GCC_WARN_UNDECLARED_SELECTOR = YES;
				GCC_WARN_UNINITIALIZED_AUTOS = YES_AGGRESSIVE;
				GCC_WARN_UNUSED_FUNCTION = YES;
				GCC_WARN_UNUSED_VARIABLE = YES;
				IPHONEOS_DEPLOYMENT_TARGET = 16.2;
				MTL_ENABLE_DEBUG_INFO = INCLUDE_SOURCE;
				MTL_FAST_MATH = YES;
				ONLY_ACTIVE_ARCH = YES;
				SDKROOT = iphoneos;
				SWIFT_ACTIVE_COMPILATION_CONDITIONS = DEBUG;
				SWIFT_OPTIMIZATION_LEVEL = "-Onone";
			};
			name = Debug;
		};
		2ACFAB5629D4822A009F0E9B /* Release */ = {
			isa = XCBuildConfiguration;
			buildSettings = {
				ALWAYS_SEARCH_USER_PATHS = NO;
				CLANG_ANALYZER_NONNULL = YES;
				CLANG_ANALYZER_NUMBER_OBJECT_CONVERSION = YES_AGGRESSIVE;
				CLANG_CXX_LANGUAGE_STANDARD = "gnu++20";
				CLANG_ENABLE_MODULES = YES;
				CLANG_ENABLE_OBJC_ARC = YES;
				CLANG_ENABLE_OBJC_WEAK = YES;
				CLANG_WARN_BLOCK_CAPTURE_AUTORELEASING = YES;
				CLANG_WARN_BOOL_CONVERSION = YES;
				CLANG_WARN_COMMA = YES;
				CLANG_WARN_CONSTANT_CONVERSION = YES;
				CLANG_WARN_DEPRECATED_OBJC_IMPLEMENTATIONS = YES;
				CLANG_WARN_DIRECT_OBJC_ISA_USAGE = YES_ERROR;
				CLANG_WARN_DOCUMENTATION_COMMENTS = YES;
				CLANG_WARN_EMPTY_BODY = YES;
				CLANG_WARN_ENUM_CONVERSION = YES;
				CLANG_WARN_INFINITE_RECURSION = YES;
				CLANG_WARN_INT_CONVERSION = YES;
				CLANG_WARN_NON_LITERAL_NULL_CONVERSION = YES;
				CLANG_WARN_OBJC_IMPLICIT_RETAIN_SELF = YES;
				CLANG_WARN_OBJC_LITERAL_CONVERSION = YES;
				CLANG_WARN_OBJC_ROOT_CLASS = YES_ERROR;
				CLANG_WARN_QUOTED_INCLUDE_IN_FRAMEWORK_HEADER = YES;
				CLANG_WARN_RANGE_LOOP_ANALYSIS = YES;
				CLANG_WARN_STRICT_PROTOTYPES = YES;
				CLANG_WARN_SUSPICIOUS_MOVE = YES;
				CLANG_WARN_UNGUARDED_AVAILABILITY = YES_AGGRESSIVE;
				CLANG_WARN_UNREACHABLE_CODE = YES;
				CLANG_WARN__DUPLICATE_METHOD_MATCH = YES;
				COPY_PHASE_STRIP = NO;
				DEBUG_INFORMATION_FORMAT = "dwarf-with-dsym";
				ENABLE_NS_ASSERTIONS = NO;
				ENABLE_STRICT_OBJC_MSGSEND = YES;
				GCC_C_LANGUAGE_STANDARD = gnu11;
				GCC_NO_COMMON_BLOCKS = YES;
				GCC_WARN_64_TO_32_BIT_CONVERSION = YES;
				GCC_WARN_ABOUT_RETURN_TYPE = YES_ERROR;
				GCC_WARN_UNDECLARED_SELECTOR = YES;
				GCC_WARN_UNINITIALIZED_AUTOS = YES_AGGRESSIVE;
				GCC_WARN_UNUSED_FUNCTION = YES;
				GCC_WARN_UNUSED_VARIABLE = YES;
				IPHONEOS_DEPLOYMENT_TARGET = 16.2;
				MTL_ENABLE_DEBUG_INFO = NO;
				MTL_FAST_MATH = YES;
				SDKROOT = iphoneos;
				SWIFT_COMPILATION_MODE = wholemodule;
				SWIFT_OPTIMIZATION_LEVEL = "-O";
				VALIDATE_PRODUCT = YES;
			};
			name = Release;
		};
		2ACFAB5829D4822A009F0E9B /* Debug */ = {
			isa = XCBuildConfiguration;
			buildSettings = {
				ASSETCATALOG_COMPILER_APPICON_NAME = AppIcon;
				ASSETCATALOG_COMPILER_GLOBAL_ACCENT_COLOR_NAME = AccentColor;
				CODE_SIGN_STYLE = Automatic;
				CURRENT_PROJECT_VERSION = 1;
				DEVELOPMENT_ASSET_PATHS = "\"SwiftUIBasic/Preview Content\"";
				DEVELOPMENT_TEAM = 68P2WV4DR3;
				ENABLE_PREVIEWS = YES;
				GENERATE_INFOPLIST_FILE = YES;
				INFOPLIST_KEY_UIApplicationSceneManifest_Generation = YES;
				INFOPLIST_KEY_UIApplicationSupportsIndirectInputEvents = YES;
				INFOPLIST_KEY_UILaunchScreen_Generation = YES;
				INFOPLIST_KEY_UISupportedInterfaceOrientations_iPad = "UIInterfaceOrientationPortrait UIInterfaceOrientationPortraitUpsideDown UIInterfaceOrientationLandscapeLeft UIInterfaceOrientationLandscapeRight";
				INFOPLIST_KEY_UISupportedInterfaceOrientations_iPhone = "UIInterfaceOrientationPortrait UIInterfaceOrientationLandscapeLeft UIInterfaceOrientationLandscapeRight";
				LD_RUNPATH_SEARCH_PATHS = (
					"$(inherited)",
					"@executable_path/Frameworks",
				);
				MARKETING_VERSION = 1.0;
				PRODUCT_BUNDLE_IDENTIFIER = com.lily.SwiftUIBasic;
				PRODUCT_NAME = "$(TARGET_NAME)";
				SWIFT_EMIT_LOC_STRINGS = YES;
				SWIFT_VERSION = 5.0;
				TARGETED_DEVICE_FAMILY = "1,2";
			};
			name = Debug;
		};
		2ACFAB5929D4822A009F0E9B /* Release */ = {
			isa = XCBuildConfiguration;
			buildSettings = {
				ASSETCATALOG_COMPILER_APPICON_NAME = AppIcon;
				ASSETCATALOG_COMPILER_GLOBAL_ACCENT_COLOR_NAME = AccentColor;
				CODE_SIGN_STYLE = Automatic;
				CURRENT_PROJECT_VERSION = 1;
				DEVELOPMENT_ASSET_PATHS = "\"SwiftUIBasic/Preview Content\"";
				DEVELOPMENT_TEAM = 68P2WV4DR3;
				ENABLE_PREVIEWS = YES;
				GENERATE_INFOPLIST_FILE = YES;
				INFOPLIST_KEY_UIApplicationSceneManifest_Generation = YES;
				INFOPLIST_KEY_UIApplicationSupportsIndirectInputEvents = YES;
				INFOPLIST_KEY_UILaunchScreen_Generation = YES;
				INFOPLIST_KEY_UISupportedInterfaceOrientations_iPad = "UIInterfaceOrientationPortrait UIInterfaceOrientationPortraitUpsideDown UIInterfaceOrientationLandscapeLeft UIInterfaceOrientationLandscapeRight";
				INFOPLIST_KEY_UISupportedInterfaceOrientations_iPhone = "UIInterfaceOrientationPortrait UIInterfaceOrientationLandscapeLeft UIInterfaceOrientationLandscapeRight";
				LD_RUNPATH_SEARCH_PATHS = (
					"$(inherited)",
					"@executable_path/Frameworks",
				);
				MARKETING_VERSION = 1.0;
				PRODUCT_BUNDLE_IDENTIFIER = com.lily.SwiftUIBasic;
				PRODUCT_NAME = "$(TARGET_NAME)";
				SWIFT_EMIT_LOC_STRINGS = YES;
				SWIFT_VERSION = 5.0;
				TARGETED_DEVICE_FAMILY = "1,2";
			};
			name = Release;
		};
/* End XCBuildConfiguration section */

/* Begin XCConfigurationList section */
		2ACFAB4429D48228009F0E9B /* Build configuration list for PBXProject "SwiftUIBasic" */ = {
			isa = XCConfigurationList;
			buildConfigurations = (
				2ACFAB5529D4822A009F0E9B /* Debug */,
				2ACFAB5629D4822A009F0E9B /* Release */,
			);
			defaultConfigurationIsVisible = 0;
			defaultConfigurationName = Release;
		};
		2ACFAB5729D4822A009F0E9B /* Build configuration list for PBXNativeTarget "SwiftUIBasic" */ = {
			isa = XCConfigurationList;
			buildConfigurations = (
				2ACFAB5829D4822A009F0E9B /* Debug */,
				2ACFAB5929D4822A009F0E9B /* Release */,
			);
			defaultConfigurationIsVisible = 0;
			defaultConfigurationName = Release;
		};
/* End XCConfigurationList section */
	};
	rootObject = 2ACFAB4129D48228009F0E9B /* Project object */;
}
